{
  "requires": true,
  "lockfileVersion": 1,
  "dependencies": {
    "startbootstrap-full-slider": {
      "version": "4.0.0-alpha",
      "resolved": "https://registry.npmjs.org/startbootstrap-full-slider/-/startbootstrap-full-slider-4.0.0-alpha.tgz",
      "integrity": "sha1-TggbFsayO5vRxvKqIAEPWEmSIIU="
    }
  }
}
